
Microsoft Visual Studio Solution File, Format Version 12.00
# Visual Studio Version 16
VisualStudioVersion = 16.0.31624.102
MinimumVisualStudioVersion = 10.0.40219.1
Project("{8BC9CEB8-8B4A-11D0-8D11-00A0C91BC942}") = "project_01", "project_01\project_01.vcxproj", "{2AEC0AB1-CF5F-435E-AAD1-A7835B707229}"
EndProject
Project("{8BC9CEB8-8B4A-11D0-8D11-00A0C91BC942}") = "Project_02", "Project_02\Project_02.vcxproj", "{01707050-FEA5-42E8-BF0B-B2F9E661F795}"
EndProject
Project("{8BC9CEB8-8B4A-11D0-8D11-00A0C91BC942}") = "Project_03", "Project_03\Project_03.vcxproj", "{D2453664-8368-40FA-8431-23E5B584662A}"
EndProject
Project("{8BC9CEB8-8B4A-11D0-8D11-00A0C91BC942}") = "Project_04", "Project_04\Project_04.vcxproj", "{4144A6B0-EE5E-45AD-9324-9BD1A04BAACB}"
EndProject
Project("{8BC9CEB8-8B4A-11D0-8D11-00A0C91BC942}") = "Project_05", "Project_05\Project_05.vcxproj", "{D479BDFD-0A22-434A-967F-57C78ED1F1B8}"
EndProject
Project("{8BC9CEB8-8B4A-11D0-8D11-00A0C91BC942}") = "Project_06", "Project_06\Project_06.vcxproj", "{94E4EE40-9134-486F-864E-D3AE561240BD}"
EndProject
Project("{8BC9CEB8-8B4A-11D0-8D11-00A0C91BC942}") = "Project_07", "Project_07\Project_07.vcxproj", "{378AA9D8-103C-4983-8BF9-ADB772B9590A}"
EndProject
Project("{8BC9CEB8-8B4A-11D0-8D11-00A0C91BC942}") = "Project_08", "Project_08\Project_08.vcxproj", "{440ABB8B-842B-4B51-9372-AA7FC78EAD11}"
EndProject
Project("{8BC9CEB8-8B4A-11D0-8D11-00A0C91BC942}") = "Project_09", "Project_09\Project_09.vcxproj", "{DC7EEF90-AFB4-43A5-A488-8DBFD7C13016}"
EndProject
Project("{8BC9CEB8-8B4A-11D0-8D11-00A0C91BC942}") = "Project_10", "Project_10\Project_10.vcxproj", "{B0348985-F002-4C5A-970C-A25454BC6757}"
EndProject
Global
	GlobalSection(SolutionConfigurationPlatforms) = preSolution
		Debug|x64 = Debug|x64
		Debug|x86 = Debug|x86
		Release|x64 = Release|x64
		Release|x86 = Release|x86
	EndGlobalSection
	GlobalSection(ProjectConfigurationPlatforms) = postSolution
		{2AEC0AB1-CF5F-435E-AAD1-A7835B707229}.Debug|x64.ActiveCfg = Debug|x64
		{2AEC0AB1-CF5F-435E-AAD1-A7835B707229}.Debug|x64.Build.0 = Debug|x64
		{2AEC0AB1-CF5F-435E-AAD1-A7835B707229}.Debug|x86.ActiveCfg = Debug|Win32
		{2AEC0AB1-CF5F-435E-AAD1-A7835B707229}.Debug|x86.Build.0 = Debug|Win32
		{2AEC0AB1-CF5F-435E-AAD1-A7835B707229}.Release|x64.ActiveCfg = Release|x64
		{2AEC0AB1-CF5F-435E-AAD1-A7835B707229}.Release|x64.Build.0 = Release|x64
		{2AEC0AB1-CF5F-435E-AAD1-A7835B707229}.Release|x86.ActiveCfg = Release|Win32
		{2AEC0AB1-CF5F-435E-AAD1-A7835B707229}.Release|x86.Build.0 = Release|Win32
		{01707050-FEA5-42E8-BF0B-B2F9E661F795}.Debug|x64.ActiveCfg = Debug|x64
		{01707050-FEA5-42E8-BF0B-B2F9E661F795}.Debug|x64.Build.0 = Debug|x64
		{01707050-FEA5-42E8-BF0B-B2F9E661F795}.Debug|x86.ActiveCfg = Debug|Win32
		{01707050-FEA5-42E8-BF0B-B2F9E661F795}.Debug|x86.Build.0 = Debug|Win32
		{01707050-FEA5-42E8-BF0B-B2F9E661F795}.Release|x64.ActiveCfg = Release|x64
		{01707050-FEA5-42E8-BF0B-B2F9E661F795}.Release|x64.Build.0 = Release|x64
		{01707050-FEA5-42E8-BF0B-B2F9E661F795}.Release|x86.ActiveCfg = Release|Win32
		{01707050-FEA5-42E8-BF0B-B2F9E661F795}.Release|x86.Build.0 = Release|Win32
		{D2453664-8368-40FA-8431-23E5B584662A}.Debug|x64.ActiveCfg = Debug|x64
		{D2453664-8368-40FA-8431-23E5B584662A}.Debug|x64.Build.0 = Debug|x64
		{D2453664-8368-40FA-8431-23E5B584662A}.Debug|x86.ActiveCfg = Debug|Win32
		{D2453664-8368-40FA-8431-23E5B584662A}.Debug|x86.Build.0 = Debug|Win32
		{D2453664-8368-40FA-8431-23E5B584662A}.Release|x64.ActiveCfg = Release|x64
		{D2453664-8368-40FA-8431-23E5B584662A}.Release|x64.Build.0 = Release|x64
		{D2453664-8368-40FA-8431-23E5B584662A}.Release|x86.ActiveCfg = Release|Win32
		{D2453664-8368-40FA-8431-23E5B584662A}.Release|x86.Build.0 = Release|Win32
		{4144A6B0-EE5E-45AD-9324-9BD1A04BAACB}.Debug|x64.ActiveCfg = Debug|x64
		{4144A6B0-EE5E-45AD-9324-9BD1A04BAACB}.Debug|x64.Build.0 = Debug|x64
		{4144A6B0-EE5E-45AD-9324-9BD1A04BAACB}.Debug|x86.ActiveCfg = Debug|Win32
		{4144A6B0-EE5E-45AD-9324-9BD1A04BAACB}.Debug|x86.Build.0 = Debug|Win32
		{4144A6B0-EE5E-45AD-9324-9BD1A04BAACB}.Release|x64.ActiveCfg = Release|x64
		{4144A6B0-EE5E-45AD-9324-9BD1A04BAACB}.Release|x64.Build.0 = Release|x64
		{4144A6B0-EE5E-45AD-9324-9BD1A04BAACB}.Release|x86.ActiveCfg = Release|Win32
		{4144A6B0-EE5E-45AD-9324-9BD1A04BAACB}.Release|x86.Build.0 = Release|Win32
		{D479BDFD-0A22-434A-967F-57C78ED1F1B8}.Debug|x64.ActiveCfg = Debug|x64
		{D479BDFD-0A22-434A-967F-57C78ED1F1B8}.Debug|x64.Build.0 = Debug|x64
		{D479BDFD-0A22-434A-967F-57C78ED1F1B8}.Debug|x86.ActiveCfg = Debug|Win32
		{D479BDFD-0A22-434A-967F-57C78ED1F1B8}.Debug|x86.Build.0 = Debug|Win32
		{D479BDFD-0A22-434A-967F-57C78ED1F1B8}.Release|x64.ActiveCfg = Release|x64
		{D479BDFD-0A22-434A-967F-57C78ED1F1B8}.Release|x64.Build.0 = Release|x64
		{D479BDFD-0A22-434A-967F-57C78ED1F1B8}.Release|x86.ActiveCfg = Release|Win32
		{D479BDFD-0A22-434A-967F-57C78ED1F1B8}.Release|x86.Build.0 = Release|Win32
		{94E4EE40-9134-486F-864E-D3AE561240BD}.Debug|x64.ActiveCfg = Debug|x64
		{94E4EE40-9134-486F-864E-D3AE561240BD}.Debug|x64.Build.0 = Debug|x64
		{94E4EE40-9134-486F-864E-D3AE561240BD}.Debug|x86.ActiveCfg = Debug|Win32
		{94E4EE40-9134-486F-864E-D3AE561240BD}.Debug|x86.Build.0 = Debug|Win32
		{94E4EE40-9134-486F-864E-D3AE561240BD}.Release|x64.ActiveCfg = Release|x64
		{94E4EE40-9134-486F-864E-D3AE561240BD}.Release|x64.Build.0 = Release|x64
		{94E4EE40-9134-486F-864E-D3AE561240BD}.Release|x86.ActiveCfg = Release|Win32
		{94E4EE40-9134-486F-864E-D3AE561240BD}.Release|x86.Build.0 = Release|Win32
		{378AA9D8-103C-4983-8BF9-ADB772B9590A}.Debug|x64.ActiveCfg = Debug|x64
		{378AA9D8-103C-4983-8BF9-ADB772B9590A}.Debug|x64.Build.0 = Debug|x64
		{378AA9D8-103C-4983-8BF9-ADB772B9590A}.Debug|x86.ActiveCfg = Debug|Win32
		{378AA9D8-103C-4983-8BF9-ADB772B9590A}.Debug|x86.Build.0 = Debug|Win32
		{378AA9D8-103C-4983-8BF9-ADB772B9590A}.Release|x64.ActiveCfg = Release|x64
		{378AA9D8-103C-4983-8BF9-ADB772B9590A}.Release|x64.Build.0 = Release|x64
		{378AA9D8-103C-4983-8BF9-ADB772B9590A}.Release|x86.ActiveCfg = Release|Win32
		{378AA9D8-103C-4983-8BF9-ADB772B9590A}.Release|x86.Build.0 = Release|Win32
		{440ABB8B-842B-4B51-9372-AA7FC78EAD11}.Debug|x64.ActiveCfg = Debug|x64
		{440ABB8B-842B-4B51-9372-AA7FC78EAD11}.Debug|x64.Build.0 = Debug|x64
		{440ABB8B-842B-4B51-9372-AA7FC78EAD11}.Debug|x86.ActiveCfg = Debug|Win32
		{440ABB8B-842B-4B51-9372-AA7FC78EAD11}.Debug|x86.Build.0 = Debug|Win32
		{440ABB8B-842B-4B51-9372-AA7FC78EAD11}.Release|x64.ActiveCfg = Release|x64
		{440ABB8B-842B-4B51-9372-AA7FC78EAD11}.Release|x64.Build.0 = Release|x64
		{440ABB8B-842B-4B51-9372-AA7FC78EAD11}.Release|x86.ActiveCfg = Release|Win32
		{440ABB8B-842B-4B51-9372-AA7FC78EAD11}.Release|x86.Build.0 = Release|Win32
		{DC7EEF90-AFB4-43A5-A488-8DBFD7C13016}.Debug|x64.ActiveCfg = Debug|x64
		{DC7EEF90-AFB4-43A5-A488-8DBFD7C13016}.Debug|x64.Build.0 = Debug|x64
		{DC7EEF90-AFB4-43A5-A488-8DBFD7C13016}.Debug|x86.ActiveCfg = Debug|Win32
		{DC7EEF90-AFB4-43A5-A488-8DBFD7C13016}.Debug|x86.Build.0 = Debug|Win32
		{DC7EEF90-AFB4-43A5-A488-8DBFD7C13016}.Release|x64.ActiveCfg = Release|x64
		{DC7EEF90-AFB4-43A5-A488-8DBFD7C13016}.Release|x64.Build.0 = Release|x64
		{DC7EEF90-AFB4-43A5-A488-8DBFD7C13016}.Release|x86.ActiveCfg = Release|Win32
		{DC7EEF90-AFB4-43A5-A488-8DBFD7C13016}.Release|x86.Build.0 = Release|Win32
		{B0348985-F002-4C5A-970C-A25454BC6757}.Debug|x64.ActiveCfg = Debug|x64
		{B0348985-F002-4C5A-970C-A25454BC6757}.Debug|x64.Build.0 = Debug|x64
		{B0348985-F002-4C5A-970C-A25454BC6757}.Debug|x86.ActiveCfg = Debug|Win32
		{B0348985-F002-4C5A-970C-A25454BC6757}.Debug|x86.Build.0 = Debug|Win32
		{B0348985-F002-4C5A-970C-A25454BC6757}.Release|x64.ActiveCfg = Release|x64
		{B0348985-F002-4C5A-970C-A25454BC6757}.Release|x64.Build.0 = Release|x64
		{B0348985-F002-4C5A-970C-A25454BC6757}.Release|x86.ActiveCfg = Release|Win32
		{B0348985-F002-4C5A-970C-A25454BC6757}.Release|x86.Build.0 = Release|Win32
	EndGlobalSection
	GlobalSection(SolutionProperties) = preSolution
		HideSolutionNode = FALSE
	EndGlobalSection
	GlobalSection(ExtensibilityGlobals) = postSolution
		SolutionGuid = {28423D7C-5124-4FE7-A16C-7D553584EF48}
	EndGlobalSection
EndGlobal
