
Microsoft Visual Studio Solution File, Format Version 12.00
# Visual Studio Version 16
VisualStudioVersion = 16.0.31624.102
MinimumVisualStudioVersion = 10.0.40219.1
Project("{8BC9CEB8-8B4A-11D0-8D11-00A0C91BC942}") = "Project_01", "Project_01\Project_01.vcxproj", "{1001A920-9380-482F-8B03-19ECC7D73EC5}"
EndProject
Project("{8BC9CEB8-8B4A-11D0-8D11-00A0C91BC942}") = "Project_02", "Project_02\Project_02.vcxproj", "{935668FA-FB91-4ADA-AE2D-27FE7D02593F}"
EndProject
Project("{8BC9CEB8-8B4A-11D0-8D11-00A0C91BC942}") = "Project_03", "Project_03\Project_03.vcxproj", "{215923E9-FEA1-4FA3-95D1-79D46B401290}"
EndProject
Project("{8BC9CEB8-8B4A-11D0-8D11-00A0C91BC942}") = "Project_04", "Project_04\Project_04.vcxproj", "{3B98FB69-EB07-425E-AE1B-B23D26007FAC}"
EndProject
Project("{8BC9CEB8-8B4A-11D0-8D11-00A0C91BC942}") = "Project_05", "Project_05\Project_05.vcxproj", "{91C308CF-9ACB-45F0-BB69-60CEFB02AB80}"
EndProject
Project("{8BC9CEB8-8B4A-11D0-8D11-00A0C91BC942}") = "Project_06", "Project_06\Project_06.vcxproj", "{A609062F-626B-4F16-9F0F-3BD8FAA0154A}"
EndProject
Project("{8BC9CEB8-8B4A-11D0-8D11-00A0C91BC942}") = "Project_07", "Project_07\Project_07.vcxproj", "{B5715721-8545-4297-915F-C8E8B14E67BC}"
EndProject
Project("{8BC9CEB8-8B4A-11D0-8D11-00A0C91BC942}") = "Project_08", "Project_08\Project_08.vcxproj", "{819BBDF5-1E5F-4DE0-89A3-7F2AACBD0C30}"
EndProject
Project("{8BC9CEB8-8B4A-11D0-8D11-00A0C91BC942}") = "Project_09", "Project_09\Project_09.vcxproj", "{628A27FF-6C0B-4AED-BF77-1ABD29FB0675}"
EndProject
Global
	GlobalSection(SolutionConfigurationPlatforms) = preSolution
		Debug|x64 = Debug|x64
		Debug|x86 = Debug|x86
		Release|x64 = Release|x64
		Release|x86 = Release|x86
	EndGlobalSection
	GlobalSection(ProjectConfigurationPlatforms) = postSolution
		{1001A920-9380-482F-8B03-19ECC7D73EC5}.Debug|x64.ActiveCfg = Debug|x64
		{1001A920-9380-482F-8B03-19ECC7D73EC5}.Debug|x64.Build.0 = Debug|x64
		{1001A920-9380-482F-8B03-19ECC7D73EC5}.Debug|x86.ActiveCfg = Debug|Win32
		{1001A920-9380-482F-8B03-19ECC7D73EC5}.Debug|x86.Build.0 = Debug|Win32
		{1001A920-9380-482F-8B03-19ECC7D73EC5}.Release|x64.ActiveCfg = Release|x64
		{1001A920-9380-482F-8B03-19ECC7D73EC5}.Release|x64.Build.0 = Release|x64
		{1001A920-9380-482F-8B03-19ECC7D73EC5}.Release|x86.ActiveCfg = Release|Win32
		{1001A920-9380-482F-8B03-19ECC7D73EC5}.Release|x86.Build.0 = Release|Win32
		{935668FA-FB91-4ADA-AE2D-27FE7D02593F}.Debug|x64.ActiveCfg = Debug|x64
		{935668FA-FB91-4ADA-AE2D-27FE7D02593F}.Debug|x64.Build.0 = Debug|x64
		{935668FA-FB91-4ADA-AE2D-27FE7D02593F}.Debug|x86.ActiveCfg = Debug|Win32
		{935668FA-FB91-4ADA-AE2D-27FE7D02593F}.Debug|x86.Build.0 = Debug|Win32
		{935668FA-FB91-4ADA-AE2D-27FE7D02593F}.Release|x64.ActiveCfg = Release|x64
		{935668FA-FB91-4ADA-AE2D-27FE7D02593F}.Release|x64.Build.0 = Release|x64
		{935668FA-FB91-4ADA-AE2D-27FE7D02593F}.Release|x86.ActiveCfg = Release|Win32
		{935668FA-FB91-4ADA-AE2D-27FE7D02593F}.Release|x86.Build.0 = Release|Win32
		{215923E9-FEA1-4FA3-95D1-79D46B401290}.Debug|x64.ActiveCfg = Debug|x64
		{215923E9-FEA1-4FA3-95D1-79D46B401290}.Debug|x64.Build.0 = Debug|x64
		{215923E9-FEA1-4FA3-95D1-79D46B401290}.Debug|x86.ActiveCfg = Debug|Win32
		{215923E9-FEA1-4FA3-95D1-79D46B401290}.Debug|x86.Build.0 = Debug|Win32
		{215923E9-FEA1-4FA3-95D1-79D46B401290}.Release|x64.ActiveCfg = Release|x64
		{215923E9-FEA1-4FA3-95D1-79D46B401290}.Release|x64.Build.0 = Release|x64
		{215923E9-FEA1-4FA3-95D1-79D46B401290}.Release|x86.ActiveCfg = Release|Win32
		{215923E9-FEA1-4FA3-95D1-79D46B401290}.Release|x86.Build.0 = Release|Win32
		{3B98FB69-EB07-425E-AE1B-B23D26007FAC}.Debug|x64.ActiveCfg = Debug|x64
		{3B98FB69-EB07-425E-AE1B-B23D26007FAC}.Debug|x64.Build.0 = Debug|x64
		{3B98FB69-EB07-425E-AE1B-B23D26007FAC}.Debug|x86.ActiveCfg = Debug|Win32
		{3B98FB69-EB07-425E-AE1B-B23D26007FAC}.Debug|x86.Build.0 = Debug|Win32
		{3B98FB69-EB07-425E-AE1B-B23D26007FAC}.Release|x64.ActiveCfg = Release|x64
		{3B98FB69-EB07-425E-AE1B-B23D26007FAC}.Release|x64.Build.0 = Release|x64
		{3B98FB69-EB07-425E-AE1B-B23D26007FAC}.Release|x86.ActiveCfg = Release|Win32
		{3B98FB69-EB07-425E-AE1B-B23D26007FAC}.Release|x86.Build.0 = Release|Win32
		{91C308CF-9ACB-45F0-BB69-60CEFB02AB80}.Debug|x64.ActiveCfg = Debug|x64
		{91C308CF-9ACB-45F0-BB69-60CEFB02AB80}.Debug|x64.Build.0 = Debug|x64
		{91C308CF-9ACB-45F0-BB69-60CEFB02AB80}.Debug|x86.ActiveCfg = Debug|Win32
		{91C308CF-9ACB-45F0-BB69-60CEFB02AB80}.Debug|x86.Build.0 = Debug|Win32
		{91C308CF-9ACB-45F0-BB69-60CEFB02AB80}.Release|x64.ActiveCfg = Release|x64
		{91C308CF-9ACB-45F0-BB69-60CEFB02AB80}.Release|x64.Build.0 = Release|x64
		{91C308CF-9ACB-45F0-BB69-60CEFB02AB80}.Release|x86.ActiveCfg = Release|Win32
		{91C308CF-9ACB-45F0-BB69-60CEFB02AB80}.Release|x86.Build.0 = Release|Win32
		{A609062F-626B-4F16-9F0F-3BD8FAA0154A}.Debug|x64.ActiveCfg = Debug|x64
		{A609062F-626B-4F16-9F0F-3BD8FAA0154A}.Debug|x64.Build.0 = Debug|x64
		{A609062F-626B-4F16-9F0F-3BD8FAA0154A}.Debug|x86.ActiveCfg = Debug|Win32
		{A609062F-626B-4F16-9F0F-3BD8FAA0154A}.Debug|x86.Build.0 = Debug|Win32
		{A609062F-626B-4F16-9F0F-3BD8FAA0154A}.Release|x64.ActiveCfg = Release|x64
		{A609062F-626B-4F16-9F0F-3BD8FAA0154A}.Release|x64.Build.0 = Release|x64
		{A609062F-626B-4F16-9F0F-3BD8FAA0154A}.Release|x86.ActiveCfg = Release|Win32
		{A609062F-626B-4F16-9F0F-3BD8FAA0154A}.Release|x86.Build.0 = Release|Win32
		{B5715721-8545-4297-915F-C8E8B14E67BC}.Debug|x64.ActiveCfg = Debug|x64
		{B5715721-8545-4297-915F-C8E8B14E67BC}.Debug|x64.Build.0 = Debug|x64
		{B5715721-8545-4297-915F-C8E8B14E67BC}.Debug|x86.ActiveCfg = Debug|Win32
		{B5715721-8545-4297-915F-C8E8B14E67BC}.Debug|x86.Build.0 = Debug|Win32
		{B5715721-8545-4297-915F-C8E8B14E67BC}.Release|x64.ActiveCfg = Release|x64
		{B5715721-8545-4297-915F-C8E8B14E67BC}.Release|x64.Build.0 = Release|x64
		{B5715721-8545-4297-915F-C8E8B14E67BC}.Release|x86.ActiveCfg = Release|Win32
		{B5715721-8545-4297-915F-C8E8B14E67BC}.Release|x86.Build.0 = Release|Win32
		{819BBDF5-1E5F-4DE0-89A3-7F2AACBD0C30}.Debug|x64.ActiveCfg = Debug|x64
		{819BBDF5-1E5F-4DE0-89A3-7F2AACBD0C30}.Debug|x64.Build.0 = Debug|x64
		{819BBDF5-1E5F-4DE0-89A3-7F2AACBD0C30}.Debug|x86.ActiveCfg = Debug|Win32
		{819BBDF5-1E5F-4DE0-89A3-7F2AACBD0C30}.Debug|x86.Build.0 = Debug|Win32
		{819BBDF5-1E5F-4DE0-89A3-7F2AACBD0C30}.Release|x64.ActiveCfg = Release|x64
		{819BBDF5-1E5F-4DE0-89A3-7F2AACBD0C30}.Release|x64.Build.0 = Release|x64
		{819BBDF5-1E5F-4DE0-89A3-7F2AACBD0C30}.Release|x86.ActiveCfg = Release|Win32
		{819BBDF5-1E5F-4DE0-89A3-7F2AACBD0C30}.Release|x86.Build.0 = Release|Win32
		{628A27FF-6C0B-4AED-BF77-1ABD29FB0675}.Debug|x64.ActiveCfg = Debug|x64
		{628A27FF-6C0B-4AED-BF77-1ABD29FB0675}.Debug|x64.Build.0 = Debug|x64
		{628A27FF-6C0B-4AED-BF77-1ABD29FB0675}.Debug|x86.ActiveCfg = Debug|Win32
		{628A27FF-6C0B-4AED-BF77-1ABD29FB0675}.Debug|x86.Build.0 = Debug|Win32
		{628A27FF-6C0B-4AED-BF77-1ABD29FB0675}.Release|x64.ActiveCfg = Release|x64
		{628A27FF-6C0B-4AED-BF77-1ABD29FB0675}.Release|x64.Build.0 = Release|x64
		{628A27FF-6C0B-4AED-BF77-1ABD29FB0675}.Release|x86.ActiveCfg = Release|Win32
		{628A27FF-6C0B-4AED-BF77-1ABD29FB0675}.Release|x86.Build.0 = Release|Win32
	EndGlobalSection
	GlobalSection(SolutionProperties) = preSolution
		HideSolutionNode = FALSE
	EndGlobalSection
	GlobalSection(ExtensibilityGlobals) = postSolution
		SolutionGuid = {9D34A941-3FD2-4DD1-AC3E-F3EED432937C}
	EndGlobalSection
EndGlobal
